<?xml version="1.0" encoding="utf-8"?>
<Project ToolsVersion="17.0" xmlns="http://schemas.microsoft.com/developer/msbuild/2003">
  <ItemGroup>
    <CustomBuild Include="C:\Users\maria\Dokumente\codes\C++\cmake-exercises\CMakeFiles\e86ebe96e77bf0ecf88a8759caf2cb08\generate.stamp.rule">
      <Filter>CMake Rules</Filter>
    </CustomBuild>
  </ItemGroup>
  <ItemGroup>
    <Filter Include="CMake Rules">
      <UniqueIdentifier>{9F9FE4A8-A769-36CA-88AB-184FBF65B370}</UniqueIdentifier>
    </Filter>
  </ItemGroup>
</Project>
